
Microsoft Visual Studio Solution File, Format Version 12.00
# Visual Studio Version 16
VisualStudioVersion = 16.0.30320.27
MinimumVisualStudioVersion = 10.0.40219.1
Project("{2150E333-8FDC-42A3-9474-1A3956D46DE8}") = "Tutorials", "Tutorials", "{6CD4E69F-AB92-44D5-8B6E-FECC1D697A6D}"
EndProject
Project("{2150E333-8FDC-42A3-9474-1A3956D46DE8}") = "HelloWorld", "HelloWorld", "{8E96099C-A41B-41F4-90B4-BE683EECFD16}"
EndProject
Project("{2150E333-8FDC-42A3-9474-1A3956D46DE8}") = "Blogging", "Blogging", "{1A735499-839E-45CF-9CEB-B2EC3B7C7EC8}"
EndProject
Project("{2150E333-8FDC-42A3-9474-1A3956D46DE8}") = "Solution Items", "Solution Items", "{E3060626-F39C-4B96-A8AE-1E3CF1B5F950}"
	ProjectSection(SolutionItems) = preProject
		README.md = README.md
	EndProjectSection
EndProject
Project("{FAE04EC0-301F-11D3-BF4B-00C04F79EFBC}") = "HelloWorld.ConsoleApp.NetFramework", "Tutorials\HelloWorld\HelloWorld.ConsoleApp.NetFramework\HelloWorld.ConsoleApp.NetFramework.csproj", "{E2937872-7C7C-4496-AF5B-734B263F954D}"
EndProject
Project("{9A19103F-16F7-4668-BE54-9A1E7A4F7556}") = "HelloWorld.ConsoleApp.NetCore", "Tutorials\HelloWorld\HelloWorld.ConsoleApp.NetCore\HelloWorld.ConsoleApp.NetCore.csproj", "{7D13D7BF-4879-4458-9790-3B29065F57FF}"
EndProject
Project("{9A19103F-16F7-4668-BE54-9A1E7A4F7556}") = "Blogging.ServiceModel.NetCore", "Tutorials\Blogging\Blogging.ServiceModel.NetCore\Blogging.ServiceModel.NetCore.csproj", "{E797BC19-A314-41D1-9964-60CBFA7FBF3F}"
EndProject
Project("{FAE04EC0-301F-11D3-BF4B-00C04F79EFBC}") = "Blogging.WebService.NetCore", "Tutorials\Blogging\Blogging.WebService.NetCore\Blogging.WebService.NetCore.csproj", "{D507E39B-4DF1-4B2E-B9D3-AC357DA41D36}"
EndProject
Global
	GlobalSection(SolutionConfigurationPlatforms) = preSolution
		Debug|Any CPU = Debug|Any CPU
		Release|Any CPU = Release|Any CPU
	EndGlobalSection
	GlobalSection(ProjectConfigurationPlatforms) = postSolution
		{E2937872-7C7C-4496-AF5B-734B263F954D}.Debug|Any CPU.ActiveCfg = Debug|Any CPU
		{E2937872-7C7C-4496-AF5B-734B263F954D}.Debug|Any CPU.Build.0 = Debug|Any CPU
		{E2937872-7C7C-4496-AF5B-734B263F954D}.Release|Any CPU.ActiveCfg = Release|Any CPU
		{E2937872-7C7C-4496-AF5B-734B263F954D}.Release|Any CPU.Build.0 = Release|Any CPU
		{7D13D7BF-4879-4458-9790-3B29065F57FF}.Debug|Any CPU.ActiveCfg = Debug|Any CPU
		{7D13D7BF-4879-4458-9790-3B29065F57FF}.Debug|Any CPU.Build.0 = Debug|Any CPU
		{7D13D7BF-4879-4458-9790-3B29065F57FF}.Release|Any CPU.ActiveCfg = Release|Any CPU
		{7D13D7BF-4879-4458-9790-3B29065F57FF}.Release|Any CPU.Build.0 = Release|Any CPU
		{E797BC19-A314-41D1-9964-60CBFA7FBF3F}.Debug|Any CPU.ActiveCfg = Debug|Any CPU
		{E797BC19-A314-41D1-9964-60CBFA7FBF3F}.Debug|Any CPU.Build.0 = Debug|Any CPU
		{E797BC19-A314-41D1-9964-60CBFA7FBF3F}.Release|Any CPU.ActiveCfg = Release|Any CPU
		{E797BC19-A314-41D1-9964-60CBFA7FBF3F}.Release|Any CPU.Build.0 = Release|Any CPU
		{D507E39B-4DF1-4B2E-B9D3-AC357DA41D36}.Debug|Any CPU.ActiveCfg = Debug|Any CPU
		{D507E39B-4DF1-4B2E-B9D3-AC357DA41D36}.Debug|Any CPU.Build.0 = Debug|Any CPU
		{D507E39B-4DF1-4B2E-B9D3-AC357DA41D36}.Release|Any CPU.ActiveCfg = Release|Any CPU
		{D507E39B-4DF1-4B2E-B9D3-AC357DA41D36}.Release|Any CPU.Build.0 = Release|Any CPU
	EndGlobalSection
	GlobalSection(SolutionProperties) = preSolution
		HideSolutionNode = FALSE
	EndGlobalSection
	GlobalSection(NestedProjects) = preSolution
		{8E96099C-A41B-41F4-90B4-BE683EECFD16} = {6CD4E69F-AB92-44D5-8B6E-FECC1D697A6D}
		{1A735499-839E-45CF-9CEB-B2EC3B7C7EC8} = {6CD4E69F-AB92-44D5-8B6E-FECC1D697A6D}
		{E2937872-7C7C-4496-AF5B-734B263F954D} = {8E96099C-A41B-41F4-90B4-BE683EECFD16}
		{7D13D7BF-4879-4458-9790-3B29065F57FF} = {8E96099C-A41B-41F4-90B4-BE683EECFD16}
		{E797BC19-A314-41D1-9964-60CBFA7FBF3F} = {1A735499-839E-45CF-9CEB-B2EC3B7C7EC8}
		{D507E39B-4DF1-4B2E-B9D3-AC357DA41D36} = {1A735499-839E-45CF-9CEB-B2EC3B7C7EC8}
	EndGlobalSection
	GlobalSection(ExtensibilityGlobals) = postSolution
		SolutionGuid = {C3DB8BC2-7F33-456A-A051-4F1A4E987E54}
	EndGlobalSection
EndGlobal
